<?xml version="1.0" encoding="utf-8"?>
<Project ToolsVersion="4.0" xmlns="http://schemas.microsoft.com/developer/msbuild/2003">
  <ItemGroup>
    <Filter Include="Source Files">
      <UniqueIdentifier>{4FC737F1-C7A5-4376-A066-2A32D752A2FF}</UniqueIdentifier>
      <Extensions>cpp;c;cc;cxx;c++;cppm;ixx;def;odl;idl;hpj;bat;asm;asmx</Extensions>
    </Filter>
    <Filter Include="Header Files">
      <UniqueIdentifier>{93995380-89BD-4b04-88EB-625FBE52EBFB}</UniqueIdentifier>
      <Extensions>h;hh;hpp;hxx;h++;hm;inl;inc;ipp;xsd</Extensions>
    </Filter>
    <Filter Include="Resource Files">
      <UniqueIdentifier>{67DA6AB6-F800-4c08-8B7A-83BB121AAD01}</UniqueIdentifier>
      <Extensions>rc;ico;cur;bmp;dlg;rc2;rct;bin;rgs;gif;jpg;jpeg;jpe;resx;tiff;tif;png;wav;mfcribbon-ms</Extensions>
    </Filter>
  </ItemGroup>
  <ItemGroup>
    <ClCompile Include="Main.cpp">
      <Filter>Source Files</Filter>
    </ClCompile>
  </ItemGroup>
  <ItemGroup>
    <ClInclude Include="SwordOffer_042_MaxSubArray.h">
      <Filter>Header Files</Filter>
    </ClInclude>
    <ClInclude Include="ILeetCodeEntry.h">
      <Filter>Header Files</Filter>
    </ClInclude>
    <ClInclude Include="LeetCodeDefines.h">
      <Filter>Header Files</Filter>
    </ClInclude>
    <ClInclude Include="LC0070_ClimbStairs.h">
      <Filter>Header Files</Filter>
    </ClInclude>
    <ClInclude Include="SwordOffer_010_I_Fibonacci.h">
      <Filter>Header Files</Filter>
    </ClInclude>
    <ClInclude Include="SwordOffer_010_II_FrogJumpStairs.h">
      <Filter>Header Files</Filter>
    </ClInclude>
    <ClInclude Include="LC0746_MinimalCostClimbingStairs.h">
      <Filter>Header Files</Filter>
    </ClInclude>
    <ClInclude Include="LC0112_TreePathSum_I.h">
      <Filter>Header Files</Filter>
    </ClInclude>
    <ClInclude Include="LC0113_TreePathSum_II.h">
      <Filter>Header Files</Filter>
    </ClInclude>
    <ClInclude Include="LC0437_TreePathSum_III.h">
      <Filter>Header Files</Filter>
    </ClInclude>
    <ClInclude Include="LC0637_TreeLevelAverage.h">
      <Filter>Header Files</Filter>
    </ClInclude>
    <ClInclude Include="LC0033_SearchRotateArray_I.h">
      <Filter>Header Files</Filter>
    </ClInclude>
    <ClInclude Include="LC0081_SearchRotateArray_II.h">
      <Filter>Header Files</Filter>
    </ClInclude>
    <ClInclude Include="LC0153_RotateArrayMin_I.h">
      <Filter>Header Files</Filter>
    </ClInclude>
    <ClInclude Include="LC0154_RotateArrayMin_II.h">
      <Filter>Header Files</Filter>
    </ClInclude>
    <ClInclude Include="LC0121_MaxProfit_I.h">
      <Filter>Header Files</Filter>
    </ClInclude>
    <ClInclude Include="LC0122_MaxProfit_II.h">
      <Filter>Header Files</Filter>
    </ClInclude>
    <ClInclude Include="LC0123_MaxProfit_III.h">
      <Filter>Header Files</Filter>
    </ClInclude>
    <ClInclude Include="LC0188_MaxProfit_IV.h">
      <Filter>Header Files</Filter>
    </ClInclude>
    <ClInclude Include="LC0200_NumOfIsland.h">
      <Filter>Header Files</Filter>
    </ClInclude>
    <ClInclude Include="LC0664_StrangePrinter.h">
      <Filter>Header Files</Filter>
    </ClInclude>
    <ClInclude Include="LC0198_HouseRobber_I.h">
      <Filter>Header Files</Filter>
    </ClInclude>
    <ClInclude Include="LC0213_HouseRobber_II.h">
      <Filter>Header Files</Filter>
    </ClInclude>
    <ClInclude Include="LC0337_HouseRobber_III.h">
      <Filter>Header Files</Filter>
    </ClInclude>
    <ClInclude Include="LC0042_TrappingRainWater_I.h">
      <Filter>Header Files</Filter>
    </ClInclude>
    <ClInclude Include="LC0407_TrappingRainWater_II.h">
      <Filter>Header Files</Filter>
    </ClInclude>
    <ClInclude Include="LC0687_LongestSameValuePath.h">
      <Filter>Header Files</Filter>
    </ClInclude>
    <ClInclude Include="LC0394_DecodeString.h">
      <Filter>Header Files</Filter>
    </ClInclude>
  </ItemGroup>
</Project>